
Microsoft Visual Studio Solution File, Format Version 12.00
Project("{FAE04EC0-301F-11D3-BF4B-00C04F79EFBC}") = "sbartnik.laboratorium.bazy.danych.API", "sbartnik.laboratorium.bazy.danych.API\sbartnik.laboratorium.bazy.danych.API.csproj", "{4A62C024-64F7-489D-99E8-9B9FB4EAE22C}"
EndProject
Global
	GlobalSection(SolutionConfigurationPlatforms) = preSolution
		Debug|Any CPU = Debug|Any CPU
		Release|Any CPU = Release|Any CPU
	EndGlobalSection
	GlobalSection(ProjectConfigurationPlatforms) = postSolution
		{4A62C024-64F7-489D-99E8-9B9FB4EAE22C}.Debug|Any CPU.ActiveCfg = Debug|Any CPU
		{4A62C024-64F7-489D-99E8-9B9FB4EAE22C}.Debug|Any CPU.Build.0 = Debug|Any CPU
		{4A62C024-64F7-489D-99E8-9B9FB4EAE22C}.Release|Any CPU.ActiveCfg = Release|Any CPU
		{4A62C024-64F7-489D-99E8-9B9FB4EAE22C}.Release|Any CPU.Build.0 = Release|Any CPU
	EndGlobalSection
EndGlobal
